
Microsoft Visual Studio Solution File, Format Version 12.00
# Visual Studio Version 17
VisualStudioVersion = 17.7.34221.43
MinimumVisualStudioVersion = 10.0.40219.1
Project("{8BC9CEB8-8B4A-11D0-8D11-00A0C91BC942}") = "cppplus-43p", "cppplus-43p\cppplus-43p.vcxproj", "{F62FB873-36B6-40C0-8CC7-6B0816835E8C}"
EndProject
Global
	GlobalSection(SolutionConfigurationPlatforms) = preSolution
		Debug|x64 = Debug|x64
		Debug|x86 = Debug|x86
		Release|x64 = Release|x64
		Release|x86 = Release|x86
	EndGlobalSection
	GlobalSection(ProjectConfigurationPlatforms) = postSolution
		{F62FB873-36B6-40C0-8CC7-6B0816835E8C}.Debug|x64.ActiveCfg = Debug|x64
		{F62FB873-36B6-40C0-8CC7-6B0816835E8C}.Debug|x64.Build.0 = Debug|x64
		{F62FB873-36B6-40C0-8CC7-6B0816835E8C}.Debug|x86.ActiveCfg = Debug|Win32
		{F62FB873-36B6-40C0-8CC7-6B0816835E8C}.Debug|x86.Build.0 = Debug|Win32
		{F62FB873-36B6-40C0-8CC7-6B0816835E8C}.Release|x64.ActiveCfg = Release|x64
		{F62FB873-36B6-40C0-8CC7-6B0816835E8C}.Release|x64.Build.0 = Release|x64
		{F62FB873-36B6-40C0-8CC7-6B0816835E8C}.Release|x86.ActiveCfg = Release|Win32
		{F62FB873-36B6-40C0-8CC7-6B0816835E8C}.Release|x86.Build.0 = Release|Win32
	EndGlobalSection
	GlobalSection(SolutionProperties) = preSolution
		HideSolutionNode = FALSE
	EndGlobalSection
	GlobalSection(ExtensibilityGlobals) = postSolution
		SolutionGuid = {6071D1A7-2BFF-4D5B-AAAD-614B19A22562}
	EndGlobalSection
EndGlobal
