
Microsoft Visual Studio Solution File, Format Version 12.00
# Visual Studio Version 17
VisualStudioVersion = 17.7.34221.43
MinimumVisualStudioVersion = 10.0.40219.1
Project("{8BC9CEB8-8B4A-11D0-8D11-00A0C91BC942}") = "ccpp-61p", "ccpp-61p\ccpp-61p.vcxproj", "{546DD84A-8F5C-41A9-9F2B-FDC025CBC69E}"
EndProject
Global
	GlobalSection(SolutionConfigurationPlatforms) = preSolution
		Debug|x64 = Debug|x64
		Debug|x86 = Debug|x86
		Release|x64 = Release|x64
		Release|x86 = Release|x86
	EndGlobalSection
	GlobalSection(ProjectConfigurationPlatforms) = postSolution
		{546DD84A-8F5C-41A9-9F2B-FDC025CBC69E}.Debug|x64.ActiveCfg = Debug|x64
		{546DD84A-8F5C-41A9-9F2B-FDC025CBC69E}.Debug|x64.Build.0 = Debug|x64
		{546DD84A-8F5C-41A9-9F2B-FDC025CBC69E}.Debug|x86.ActiveCfg = Debug|Win32
		{546DD84A-8F5C-41A9-9F2B-FDC025CBC69E}.Debug|x86.Build.0 = Debug|Win32
		{546DD84A-8F5C-41A9-9F2B-FDC025CBC69E}.Release|x64.ActiveCfg = Release|x64
		{546DD84A-8F5C-41A9-9F2B-FDC025CBC69E}.Release|x64.Build.0 = Release|x64
		{546DD84A-8F5C-41A9-9F2B-FDC025CBC69E}.Release|x86.ActiveCfg = Release|Win32
		{546DD84A-8F5C-41A9-9F2B-FDC025CBC69E}.Release|x86.Build.0 = Release|Win32
	EndGlobalSection
	GlobalSection(SolutionProperties) = preSolution
		HideSolutionNode = FALSE
	EndGlobalSection
	GlobalSection(ExtensibilityGlobals) = postSolution
		SolutionGuid = {5A8734A2-DE1E-49A7-9116-105017778EBA}
	EndGlobalSection
EndGlobal
