
Microsoft Visual Studio Solution File, Format Version 12.00
# Visual Studio Version 17
VisualStudioVersion = 17.7.34221.43
MinimumVisualStudioVersion = 10.0.40219.1
Project("{8BC9CEB8-8B4A-11D0-8D11-00A0C91BC942}") = "C-113p", "C-113p\C-113p.vcxproj", "{0C0EF6B9-98F4-4424-BE91-BA7EA207E806}"
EndProject
Global
	GlobalSection(SolutionConfigurationPlatforms) = preSolution
		Debug|x64 = Debug|x64
		Debug|x86 = Debug|x86
		Release|x64 = Release|x64
		Release|x86 = Release|x86
	EndGlobalSection
	GlobalSection(ProjectConfigurationPlatforms) = postSolution
		{0C0EF6B9-98F4-4424-BE91-BA7EA207E806}.Debug|x64.ActiveCfg = Debug|x64
		{0C0EF6B9-98F4-4424-BE91-BA7EA207E806}.Debug|x64.Build.0 = Debug|x64
		{0C0EF6B9-98F4-4424-BE91-BA7EA207E806}.Debug|x86.ActiveCfg = Debug|Win32
		{0C0EF6B9-98F4-4424-BE91-BA7EA207E806}.Debug|x86.Build.0 = Debug|Win32
		{0C0EF6B9-98F4-4424-BE91-BA7EA207E806}.Release|x64.ActiveCfg = Release|x64
		{0C0EF6B9-98F4-4424-BE91-BA7EA207E806}.Release|x64.Build.0 = Release|x64
		{0C0EF6B9-98F4-4424-BE91-BA7EA207E806}.Release|x86.ActiveCfg = Release|Win32
		{0C0EF6B9-98F4-4424-BE91-BA7EA207E806}.Release|x86.Build.0 = Release|Win32
	EndGlobalSection
	GlobalSection(SolutionProperties) = preSolution
		HideSolutionNode = FALSE
	EndGlobalSection
	GlobalSection(ExtensibilityGlobals) = postSolution
		SolutionGuid = {8949AEBD-B120-49E8-8515-F195EEC0681C}
	EndGlobalSection
EndGlobal
